
Microsoft Visual Studio Solution File, Format Version 12.00
# Visual Studio Version 17
VisualStudioVersion = 17.5.002.0
MinimumVisualStudioVersion = 10.0.40219.1
Project("{9A19103F-16F7-4668-BE54-9A1E7A4F7556}") = "AbilitiesTest", "AbilitiesTest.csproj", "{57BF0A91-7878-4794-9A0A-65D27FE192D5}"
EndProject
Global
	GlobalSection(SolutionConfigurationPlatforms) = preSolution
		Debug|Any CPU = Debug|Any CPU
		Release|Any CPU = Release|Any CPU
	EndGlobalSection
	GlobalSection(ProjectConfigurationPlatforms) = postSolution
		{57BF0A91-7878-4794-9A0A-65D27FE192D5}.Debug|Any CPU.ActiveCfg = Debug|Any CPU
		{57BF0A91-7878-4794-9A0A-65D27FE192D5}.Debug|Any CPU.Build.0 = Debug|Any CPU
		{57BF0A91-7878-4794-9A0A-65D27FE192D5}.Release|Any CPU.ActiveCfg = Release|Any CPU
		{57BF0A91-7878-4794-9A0A-65D27FE192D5}.Release|Any CPU.Build.0 = Release|Any CPU
	EndGlobalSection
	GlobalSection(SolutionProperties) = preSolution
		HideSolutionNode = FALSE
	EndGlobalSection
	GlobalSection(ExtensibilityGlobals) = postSolution
		SolutionGuid = {CC6B7222-018F-4A65-AE60-033A231B2FE5}
	EndGlobalSection
EndGlobal
